<?xml version="1.0" encoding="utf-8"?>
<Project ToolsVersion="4.0" xmlns="http://schemas.microsoft.com/developer/msbuild/2003">
  <ItemGroup>
    <Filter Include="리소스 파일">
      <UniqueIdentifier>{67DA6AB6-F800-4c08-8B7A-83BB121AAD01}</UniqueIdentifier>
      <Extensions>rc;ico;cur;bmp;dlg;rc2;rct;bin;rgs;gif;jpg;jpeg;jpe;resx;tiff;tif;png;wav;mfcribbon-ms</Extensions>
    </Filter>
    <Filter Include="Default">
      <UniqueIdentifier>{1636697a-de46-48a4-a9da-ca80c209c0e9}</UniqueIdentifier>
    </Filter>
    <Filter Include="App">
      <UniqueIdentifier>{4454e246-8ba3-4ebf-90e2-95363eb281ea}</UniqueIdentifier>
    </Filter>
    <Filter Include="App\Graphics">
      <UniqueIdentifier>{e1fa9ff8-6ac7-447d-8bc1-83c12511a41f}</UniqueIdentifier>
    </Filter>
    <Filter Include="App\Renderer">
      <UniqueIdentifier>{752770b9-a3f9-401a-b8c6-afdd1526747f}</UniqueIdentifier>
    </Filter>
    <Filter Include="App\Window">
      <UniqueIdentifier>{8fc1749e-ece0-405e-9431-8610afff0449}</UniqueIdentifier>
    </Filter>
    <Filter Include="App\ImGuiDrawer">
      <UniqueIdentifier>{44d57301-746d-4d6f-a4e2-88ea2e903ae2}</UniqueIdentifier>
    </Filter>
    <Filter Include="Defines">
      <UniqueIdentifier>{89896436-cef8-4c1a-bd6d-85cecb38af0a}</UniqueIdentifier>
    </Filter>
    <Filter Include="App\SceneManager">
      <UniqueIdentifier>{1f8a3a33-761b-41d4-b6d7-cfe791427ca3}</UniqueIdentifier>
    </Filter>
    <Filter Include="App\SceneManager\Scene">
      <UniqueIdentifier>{029499d5-a453-48d5-835a-ac35d31df26b}</UniqueIdentifier>
    </Filter>
    <Filter Include="App\Singleton">
      <UniqueIdentifier>{ba506df4-c598-45cd-80fa-50cb84d490ae}</UniqueIdentifier>
    </Filter>
    <Filter Include="App\Singleton\Input">
      <UniqueIdentifier>{4f87496b-ee4e-4811-9fd9-52b670f958b9}</UniqueIdentifier>
    </Filter>
    <Filter Include="App\Renderer\Shader">
      <UniqueIdentifier>{e76f784a-9b60-4523-9b86-0cdf29a4fe14}</UniqueIdentifier>
    </Filter>
    <Filter Include="Object">
      <UniqueIdentifier>{def24e58-6b33-4229-9768-5243cbb658ed}</UniqueIdentifier>
    </Filter>
    <Filter Include="Object\Mesh">
      <UniqueIdentifier>{f21ec1e6-d833-4740-8307-8ac43ba20abc}</UniqueIdentifier>
    </Filter>
  </ItemGroup>
  <ItemGroup>
    <ClCompile Include="main.cpp">
      <Filter>Default</Filter>
    </ClCompile>
    <ClCompile Include="pch.cpp">
      <Filter>Default</Filter>
    </ClCompile>
    <ClCompile Include="App.cpp">
      <Filter>App</Filter>
    </ClCompile>
    <ClCompile Include="Graphics.cpp">
      <Filter>App\Graphics</Filter>
    </ClCompile>
    <ClCompile Include="Renderer.cpp">
      <Filter>App\Renderer</Filter>
    </ClCompile>
    <ClCompile Include="Window.cpp">
      <Filter>App\Window</Filter>
    </ClCompile>
    <ClCompile Include="Input.cpp">
      <Filter>App\Singleton\Input</Filter>
    </ClCompile>
    <ClCompile Include="SceneManager.cpp">
      <Filter>App\SceneManager</Filter>
    </ClCompile>
    <ClCompile Include="Scene.cpp">
      <Filter>App\SceneManager\Scene</Filter>
    </ClCompile>
    <ClCompile Include="Object.cpp">
      <Filter>Object</Filter>
    </ClCompile>
    <ClCompile Include="UMesh.cpp">
      <Filter>Object\Mesh</Filter>
    </ClCompile>
    <ClCompile Include="Types.cpp">
      <Filter>Defines</Filter>
    </ClCompile>
    <ClCompile Include="Math.cpp">
      <Filter>Defines</Filter>
    </ClCompile>
  </ItemGroup>
  <ItemGroup>
    <ClInclude Include="pch.h">
      <Filter>Default</Filter>
    </ClInclude>
    <ClInclude Include="App.h">
      <Filter>App</Filter>
    </ClInclude>
    <ClInclude Include="Graphics.h">
      <Filter>App\Graphics</Filter>
    </ClInclude>
    <ClInclude Include="Renderer.h">
      <Filter>App\Renderer</Filter>
    </ClInclude>
    <ClInclude Include="Window.h">
      <Filter>App\Window</Filter>
    </ClInclude>
    <ClInclude Include="Input.h">
      <Filter>App\Singleton\Input</Filter>
    </ClInclude>
    <ClInclude Include="Types.h">
      <Filter>Defines</Filter>
    </ClInclude>
    <ClInclude Include="Defines.h">
      <Filter>Defines</Filter>
    </ClInclude>
    <ClInclude Include="SceneManager.h">
      <Filter>App\SceneManager</Filter>
    </ClInclude>
    <ClInclude Include="Scene.h">
      <Filter>App\SceneManager\Scene</Filter>
    </ClInclude>
    <ClInclude Include="Object.h">
      <Filter>Object</Filter>
    </ClInclude>
    <ClInclude Include="UMesh.h">
      <Filter>Object\Mesh</Filter>
    </ClInclude>
    <ClInclude Include="Sphere.h">
      <Filter>리소스 파일</Filter>
    </ClInclude>
    <ClInclude Include="Math.h">
      <Filter>Defines</Filter>
    </ClInclude>
  </ItemGroup>
  <ItemGroup>
    <FxCompile Include="ShaderW0.hlsl">
      <Filter>App\Renderer\Shader</Filter>
    </FxCompile>
  </ItemGroup>
</Project>